
Microsoft Visual Studio Solution File, Format Version 12.00
# Visual Studio Version 16
VisualStudioVersion = 16.0.29905.134
MinimumVisualStudioVersion = 10.0.40219.1
Project("{FAE04EC0-301F-11D3-BF4B-00C04F79EFBC}") = "PartyInvites", "PartyInvites\PartyInvites.csproj", "{42C7BFE5-42EB-4AA3-903E-9078BDE189A6}"
EndProject
Global
	GlobalSection(SolutionConfigurationPlatforms) = preSolution
		Debug|Any CPU = Debug|Any CPU
		Release|Any CPU = Release|Any CPU
	EndGlobalSection
	GlobalSection(ProjectConfigurationPlatforms) = postSolution
		{42C7BFE5-42EB-4AA3-903E-9078BDE189A6}.Debug|Any CPU.ActiveCfg = Debug|Any CPU
		{42C7BFE5-42EB-4AA3-903E-9078BDE189A6}.Debug|Any CPU.Build.0 = Debug|Any CPU
		{42C7BFE5-42EB-4AA3-903E-9078BDE189A6}.Release|Any CPU.ActiveCfg = Release|Any CPU
		{42C7BFE5-42EB-4AA3-903E-9078BDE189A6}.Release|Any CPU.Build.0 = Release|Any CPU
	EndGlobalSection
	GlobalSection(SolutionProperties) = preSolution
		HideSolutionNode = FALSE
	EndGlobalSection
	GlobalSection(ExtensibilityGlobals) = postSolution
		SolutionGuid = {AD56E58E-6885-4E3F-88F8-A70D8A1201F2}
	EndGlobalSection
EndGlobal
